# This file is automatically @generated by Cargo.
# It is not intended for manual editing.
version = 3

[[package]]
name = "adler"
version = "1.0.2"
source = "registry+https://github.com/rust-lang/crates.io-index"
checksum = "f26201604c87b1e01bd3d98f8d5d9a8fcbb815e8cedb41ffccbeb4bf593a35fe"

[[package]]
name = "bitflags"
version = "1.3.2"
source = "registry+https://github.com/rust-lang/crates.io-index"
checksum = "bef38d45163c2f1dde094a7dfd33ccf595c92905c8f8f4fdc18d06fb1037718a"

[[package]]
name = "cfg-if"
version = "1.0.0"
source = "registry+https://github.com/rust-lang/crates.io-index"
checksum = "baf1de4339761588bc0619e3cbc0120ee582ebb74b53b4efbf79117bd2da40fd"

[[package]]
name = "crc32fast"
version = "1.3.2"
source = "registry+https://github.com/rust-lang/crates.io-index"
checksum = "b540bd8bc810d3885c6ea91e2018302f68baba2129ab3e88f32389ee9370880d"
dependencies = [
 "cfg-if",
]

[[package]]
name = "csfml-audio-sys"
version = "0.6.0"
source = "registry+https://github.com/rust-lang/crates.io-index"
checksum = "f4e20d25b6f2c582dff0b82440dd2b6b6a3ae78eb07096ca226a64f02779da96"
dependencies = [
 "csfml-system-sys",
 "sfml-build",
]

[[package]]
name = "csfml-graphics-sys"
version = "0.6.0"
source = "registry+https://github.com/rust-lang/crates.io-index"
checksum = "b592b4e5f26de6d46b53f762a2a46e80826f69e008272d302a49e87c27a6c996"
dependencies = [
 "csfml-system-sys",
 "csfml-window-sys",
 "sfml-build",
]

[[package]]
name = "csfml-system-sys"
version = "0.6.0"
source = "registry+https://github.com/rust-lang/crates.io-index"
checksum = "4019b7cb9ece70481603aaadb9a0094c9a6455d1a71d82d24c5a0b47c037cfaf"
dependencies = [
 "sfml-build",
]

[[package]]
name = "csfml-window-sys"
version = "0.6.0"
source = "registry+https://github.com/rust-lang/crates.io-index"
checksum = "e27076c2b6aafd377d396700f25bbf5020c695781d20aed6a399bef7ea351a17"
dependencies = [
 "csfml-system-sys",
 "sfml-build",
]

[[package]]
name = "flate2"
version = "1.0.23"
source = "registry+https://github.com/rust-lang/crates.io-index"
checksum = "b39522e96686d38f4bc984b9198e3a0613264abaebaff2c5c918bfa6b6da09af"
dependencies = [
 "cfg-if",
 "crc32fast",
 "libc",
 "miniz_oxide",
]

[[package]]
name = "lazy_static"
version = "1.4.0"
source = "registry+https://github.com/rust-lang/crates.io-index"
checksum = "e2abad23fbc42b3700f2f279844dc832adb2b2eb069b2df918f455c4e18cc646"

[[package]]
name = "libc"
version = "0.2.124"
source = "registry+https://github.com/rust-lang/crates.io-index"
checksum = "21a41fed9d98f27ab1c6d161da622a4fa35e8a54a8adc24bbf3ddd0ef70b0e50"

[[package]]
name = "miniz_oxide"
version = "0.5.1"
source = "registry+https://github.com/rust-lang/crates.io-index"
checksum = "d2b29bd4bc3f33391105ebee3589c19197c4271e3e5a9ec9bfe8127eeff8f082"
dependencies = [
 "adler",
]

[[package]]
name = "once_cell"
version = "1.10.0"
source = "registry+https://github.com/rust-lang/crates.io-index"
checksum = "87f3e037eac156d1775da914196f0f37741a274155e34a0b7e427c35d2a2ecb9"

[[package]]
name = "rcxp"
version = "0.1.0"
dependencies = [
 "flate2",
 "lazy_static",
 "rutie",
 "sfml",
]

[[package]]
name = "rutie"
version = "0.8.4"
source = "registry+https://github.com/rust-lang/crates.io-index"
checksum = "5d97db4cbb9739b48364c38cc9a6ebabdc07b42bd87b60ab448e1f29eaebb2ac"
dependencies = [
 "lazy_static",
 "libc",
]

[[package]]
name = "sfml"
version = "0.16.0"
source = "registry+https://github.com/rust-lang/crates.io-index"
checksum = "e4c72108133019d399b24d0c0bd179cc26aa2909b0001e4202d756e4c90c21b4"
dependencies = [
 "bitflags",
 "csfml-audio-sys",
 "csfml-graphics-sys",
 "csfml-system-sys",
 "csfml-window-sys",
 "once_cell",
 "widestring",
]

[[package]]
name = "sfml-build"
version = "0.4.0"
source = "registry+https://github.com/rust-lang/crates.io-index"
checksum = "53e0893aaf18583de27202b17007258377d5c4be16e1d0b601fd6943bc36c98b"

[[package]]
name = "widestring"
version = "0.4.3"
source = "registry+https://github.com/rust-lang/crates.io-index"
checksum = "c168940144dd21fd8046987c16a46a33d5fc84eec29ef9dcddc2ac9e31526b7c"
